// !$*UTF8*$!
{
	archiveVersion = 1;
	classes = {
	};
	objectVersion = 46;
	objects = {

/* Begin PBXBuildFile section */
		381882681C603940004C8A56 /* AppDelegate.swift in Sources */ = {isa = PBXBuildFile; fileRef = 381882671C603940004C8A56 /* AppDelegate.swift */; };
		3818826A1C603940004C8A56 /* ViewController.swift in Sources */ = {isa = PBXBuildFile; fileRef = 381882691C603940004C8A56 /* ViewController.swift */; };
		3818826D1C603940004C8A56 /* Main.storyboard in Resources */ = {isa = PBXBuildFile; fileRef = 3818826B1C603940004C8A56 /* Main.storyboard */; };
		3818826F1C603940004C8A56 /* Assets.xcassets in Resources */ = {isa = PBXBuildFile; fileRef = 3818826E1C603940004C8A56 /* Assets.xcassets */; };
		381882721C603940004C8A56 /* LaunchScreen.storyboard in Resources */ = {isa = PBXBuildFile; fileRef = 381882701C603940004C8A56 /* LaunchScreen.storyboard */; };
/* End PBXBuildFile section */

/* Begin PBXFileReference section */
		381882641C603940004C8A56 /* LunchWithMe.app */ = {isa = PBXFileReference; explicitFileType = wrapper.application; includeInIndex = 0; path = LunchWithMe.app; sourceTree = BUILT_PRODUCTS_DIR; };
		381882671C603940004C8A56 /* AppDelegate.swift */ = {isa = PBXFileReference; lastKnownFileType = sourcecode.swift; path = AppDelegate.swift; sourceTree = "<group>"; };
		381882691C603940004C8A56 /* ViewController.swift */ = {isa = PBXFileReference; lastKnownFileType = sourcecode.swift; path = ViewController.swift; sourceTree = "<group>"; };
		3818826C1C603940004C8A56 /* Base */ = {isa = PBXFileReference; lastKnownFileType = file.storyboard; name = Base; path = Base.lproj/Main.storyboard; sourceTree = "<group>"; };
		3818826E1C603940004C8A56 /* Assets.xcassets */ = {isa = PBXFileReference; lastKnownFileType = folder.assetcatalog; path = Assets.xcassets; sourceTree = "<group>"; };
		381882711C603940004C8A56 /* Base */ = {isa = PBXFileReference; lastKnownFileType = file.storyboard; name = Base; path = Base.lproj/LaunchScreen.storyboard; sourceTree = "<group>"; };
		381882731C603940004C8A56 /* Info.plist */ = {isa = PBXFileReference; lastKnownFileType = text.plist.xml; path = Info.plist; sourceTree = "<group>"; };
/* End PBXFileReference section */

/* Begin PBXFrameworksBuildPhase section */
		381882611C603940004C8A56 /* Frameworks */ = {
			isa = PBXFrameworksBuildPhase;
			buildActionMask = 2147483647;
			files = (
			);
			runOnlyForDeploymentPostprocessing = 0;
		};
/* End PBXFrameworksBuildPhase section */

/* Begin PBXGroup section */
		3818825B1C603940004C8A56 = {
			isa = PBXGroup;
			children = (
				381882661C603940004C8A56 /* LunchWithMe */,
				381882651C603940004C8A56 /* Products */,
			);
			sourceTree = "<group>";
		};
		381882651C603940004C8A56 /* Products */ = {
			isa = PBXGroup;
			children = (
				381882641C603940004C8A56 /* LunchWithMe.app */,
			);
			name = Products;
			sourceTree = "<group>";
		};
		381882661C603940004C8A56 /* LunchWithMe */ = {
			isa = PBXGroup;
			children = (
				381882671C603940004C8A56 /* AppDelegate.swift */,
				381882691C603940004C8A56 /* ViewController.swift */,
				3818826B1C603940004C8A56 /* Main.storyboard */,
				3818826E1C603940004C8A56 /* Assets.xcassets */,
				381882701C603940004C8A56 /* LaunchScreen.storyboard */,
				381882731C603940004C8A56 /* Info.plist */,
			);
			path = LunchWithMe;
			sourceTree = "<group>";
		};
/* End PBXGroup section */

/* Begin PBXNativeTarget section */
		381882631C603940004C8A56 /* LunchWithMe */ = {
			isa = PBXNativeTarget;
			buildConfigurationList = 381882761C603940004C8A56 /* Build configuration list for PBXNativeTarget "LunchWithMe" */;
			buildPhases = (
				381882601C603940004C8A56 /* Sources */,
				381882611C603940004C8A56 /* Frameworks */,
				381882621C603940004C8A56 /* Resources */,
			);
			buildRules = (
			);
			dependencies = (
			);
			name = LunchWithMe;
			productName = LunchWithMe;
			productReference = 381882641C603940004C8A56 /* LunchWithMe.app */;
			productType = "com.apple.product-type.application";
		};
/* End PBXNativeTarget section */

/* Begin PBXProject section */
		3818825C1C603940004C8A56 /* Project object */ = {
			isa = PBXProject;
			attributes = {
				LastSwiftUpdateCheck = 0720;
				LastUpgradeCheck = 0720;
				ORGANIZATIONNAME = Juliang;
				TargetAttributes = {
					381882631C603940004C8A56 = {
						CreatedOnToolsVersion = 7.2;
						DevelopmentTeam = 35SG4HEXXU;
					};
				};
			};
			buildConfigurationList = 3818825F1C603940004C8A56 /* Build configuration list for PBXProject "LunchWithMe" */;
			compatibilityVersion = "Xcode 3.2";
			developmentRegion = English;
			hasScannedForEncodings = 0;
			knownRegions = (
				en,
				Base,
			);
			mainGroup = 3818825B1C603940004C8A56;
			productRefGroup = 381882651C603940004C8A56 /* Products */;
			projectDirPath = "";
			projectRoot = "";
			targets = (
				381882631C603940004C8A56 /* LunchWithMe */,
			);
		};
/* End PBXProject section */

/* Begin PBXResourcesBuildPhase section */
		381882621C603940004C8A56 /* Resources */ = {
			isa = PBXResourcesBuildPhase;
			buildActionMask = 2147483647;
			files = (
				381882721C603940004C8A56 /* LaunchScreen.storyboard in Resources */,
				3818826F1C603940004C8A56 /* Assets.xcassets in Resources */,
				3818826D1C603940004C8A56 /* Main.storyboard in Resources */,
			);
			runOnlyForDeploymentPostprocessing = 0;
		};
/* End PBXResourcesBuildPhase section */

/* Begin PBXSourcesBuildPhase section */
		381882601C603940004C8A56 /* Sources */ = {
			isa = PBXSourcesBuildPhase;
			buildActionMask = 2147483647;
			files = (
				3818826A1C603940004C8A56 /* ViewController.swift in Sources */,
				381882681C603940004C8A56 /* AppDelegate.swift in Sources */,
			);
			runOnlyForDeploymentPostprocessing = 0;
		};
/* End PBXSourcesBuildPhase section */

/* Begin PBXVariantGroup section */
		3818826B1C603940004C8A56 /* Main.storyboard */ = {
			isa = PBXVariantGroup;
			children = (
				3818826C1C603940004C8A56 /* Base */,
			);
			name = Main.storyboard;
			sourceTree = "<group>";
		};
		381882701C603940004C8A56 /* LaunchScreen.storyboard */ = {
			isa = PBXVariantGroup;
			children = (
				381882711C603940004C8A56 /* Base */,
			);
			name = LaunchScreen.storyboard;
			sourceTree = "<group>";
		};
/* End PBXVariantGroup section */

/* Begin XCBuildConfiguration section */
		381882741C603940004C8A56 /* Debug */ = {
			isa = XCBuildConfiguration;
			buildSettings = {
				ALWAYS_SEARCH_USER_PATHS = NO;
				CLANG_CXX_LANGUAGE_STANDARD = "gnu++0x";
				CLANG_CXX_LIBRARY = "libc++";
				CLANG_ENABLE_MODULES = YES;
				CLANG_ENABLE_OBJC_ARC = YES;
				CLANG_WARN_BOOL_CONVERSION = YES;
				CLANG_WARN_CONSTANT_CONVERSION = YES;
				CLANG_WARN_DIRECT_OBJC_ISA_USAGE = YES_ERROR;
				CLANG_WARN_EMPTY_BODY = YES;
				CLANG_WARN_ENUM_CONVERSION = YES;
				CLANG_WARN_INT_CONVERSION = YES;
				CLANG_WARN_OBJC_ROOT_CLASS = YES_ERROR;
				CLANG_WARN_UNREACHABLE_CODE = YES;
				CLANG_WARN__DUPLICATE_METHOD_MATCH = YES;
				"CODE_SIGN_IDENTITY[sdk=iphoneos*]" = "iPhone Developer";
				COPY_PHASE_STRIP = NO;
				DEBUG_INFORMATION_FORMAT = dwarf;
				ENABLE_STRICT_OBJC_MSGSEND = YES;
				ENABLE_TESTABILITY = YES;
				GCC_C_LANGUAGE_STANDARD = gnu99;
				GCC_DYNAMIC_NO_PIC = NO;
				GCC_NO_COMMON_BLOCKS = YES;
				GCC_OPTIMIZATION_LEVEL = 0;
				GCC_PREPROCESSOR_DEFINITIONS = (
					"DEBUG=1",
					"$(inherited)",
				);
				GCC_WARN_64_TO_32_BIT_CONVERSION = YES;
				GCC_WARN_ABOUT_RETURN_TYPE = YES_ERROR;
				GCC_WARN_UNDECLARED_SELECTOR = YES;
				GCC_WARN_UNINITIALIZED_AUTOS = YES_AGGRESSIVE;
				GCC_WARN_UNUSED_FUNCTION = YES;
				GCC_WARN_UNUSED_VARIABLE = YES;
				IPHONEOS_DEPLOYMENT_TARGET = 9.2;
				MTL_ENABLE_DEBUG_INFO = YES;
				ONLY_ACTIVE_ARCH = YES;
				SDKROOT = iphoneos;
				SWIFT_OPTIMIZATION_LEVEL = "-Onone";
			};
			name = Debug;
		};
		381882751C603940004C8A56 /* Release */ = {
			isa = XCBuildConfiguration;
			buildSettings = {
				ALWAYS_SEARCH_USER_PATHS = NO;
				CLANG_CXX_LANGUAGE_STANDARD = "gnu++0x";
				CLANG_CXX_LIBRARY = "libc++";
				CLANG_ENABLE_MODULES = YES;
				CLANG_ENABLE_OBJC_ARC = YES;
				CLANG_WARN_BOOL_CONVERSION = YES;
				CLANG_WARN_CONSTANT_CONVERSION = YES;
				CLANG_WARN_DIRECT_OBJC_ISA_USAGE = YES_ERROR;
				CLANG_WARN_EMPTY_BODY = YES;
				CLANG_WARN_ENUM_CONVERSION = YES;
				CLANG_WARN_INT_CONVERSION = YES;
				CLANG_WARN_OBJC_ROOT_CLASS = YES_ERROR;
				CLANG_WARN_UNREACHABLE_CODE = YES;
				CLANG_WARN__DUPLICATE_METHOD_MATCH = YES;
				"CODE_SIGN_IDENTITY[sdk=iphoneos*]" = "iPhone Developer";
				COPY_PHASE_STRIP = NO;
				DEBUG_INFORMATION_FORMAT = "dwarf-with-dsym";
				ENABLE_NS_ASSERTIONS = NO;
				ENABLE_STRICT_OBJC_MSGSEND = YES;
				GCC_C_LANGUAGE_STANDARD = gnu99;
				GCC_NO_COMMON_BLOCKS = YES;
				GCC_WARN_64_TO_32_BIT_CONVERSION = YES;
				GCC_WARN_ABOUT_RETURN_TYPE = YES_ERROR;
				GCC_WARN_UNDECLARED_SELECTOR = YES;
				GCC_WARN_UNINITIALIZED_AUTOS = YES_AGGRESSIVE;
				GCC_WARN_UNUSED_FUNCTION = YES;
				GCC_WARN_UNUSED_VARIABLE = YES;
				IPHONEOS_DEPLOYMENT_TARGET = 9.2;
				MTL_ENABLE_DEBUG_INFO = NO;
				SDKROOT = iphoneos;
				VALIDATE_PRODUCT = YES;
			};
			name = Release;
		};
		381882771C603940004C8A56 /* Debug */ = {
			isa = XCBuildConfiguration;
			buildSettings = {
				ASSETCATALOG_COMPILER_APPICON_NAME = AppIcon;
				INFOPLIST_FILE = LunchWithMe/Info.plist;
				LD_RUNPATH_SEARCH_PATHS = "$(inherited) @executable_path/Frameworks";
				PRODUCT_BUNDLE_IDENTIFIER = me.eatlunchwith.LunchWithMe;
				PRODUCT_NAME = "$(TARGET_NAME)";
			};
			name = Debug;
		};
		381882781C603940004C8A56 /* Release */ = {
			isa = XCBuildConfiguration;
			buildSettings = {
				ASSETCATALOG_COMPILER_APPICON_NAME = AppIcon;
				INFOPLIST_FILE = LunchWithMe/Info.plist;
				LD_RUNPATH_SEARCH_PATHS = "$(inherited) @executable_path/Frameworks";
				PRODUCT_BUNDLE_IDENTIFIER = me.eatlunchwith.LunchWithMe;
				PRODUCT_NAME = "$(TARGET_NAME)";
			};
			name = Release;
		};
/* End XCBuildConfiguration section */

/* Begin XCConfigurationList section */
		3818825F1C603940004C8A56 /* Build configuration list for PBXProject "LunchWithMe" */ = {
			isa = XCConfigurationList;
			buildConfigurations = (
				381882741C603940004C8A56 /* Debug */,
				381882751C603940004C8A56 /* Release */,
			);
			defaultConfigurationIsVisible = 0;
			defaultConfigurationName = Release;
		};
		381882761C603940004C8A56 /* Build configuration list for PBXNativeTarget "LunchWithMe" */ = {
			isa = XCConfigurationList;
			buildConfigurations = (
				381882771C603940004C8A56 /* Debug */,
				381882781C603940004C8A56 /* Release */,
			);
			defaultConfigurationIsVisible = 0;
		};
/* End XCConfigurationList section */
	};
	rootObject = 3818825C1C603940004C8A56 /* Project object */;
}
